
Microsoft Visual Studio Solution File, Format Version 12.00
Project("{FAE04EC0-301F-11D3-BF4B-00C04F79EFBC}") = "Mealler-backend", "Mealler-backend\Mealler-backend.csproj", "{CBADB370-0FDF-4D05-91E5-2D7E14756E40}"
EndProject
Global
	GlobalSection(SolutionConfigurationPlatforms) = preSolution
		Debug|Any CPU = Debug|Any CPU
		Release|Any CPU = Release|Any CPU
	EndGlobalSection
	GlobalSection(ProjectConfigurationPlatforms) = postSolution
		{CBADB370-0FDF-4D05-91E5-2D7E14756E40}.Debug|Any CPU.ActiveCfg = Debug|Any CPU
		{CBADB370-0FDF-4D05-91E5-2D7E14756E40}.Debug|Any CPU.Build.0 = Debug|Any CPU
		{CBADB370-0FDF-4D05-91E5-2D7E14756E40}.Release|Any CPU.ActiveCfg = Release|Any CPU
		{CBADB370-0FDF-4D05-91E5-2D7E14756E40}.Release|Any CPU.Build.0 = Release|Any CPU
	EndGlobalSection
EndGlobal
